// !$*UTF8*$!
{
	archiveVersion = 1;
	classes = {
	};
	objectVersion = 51;
	objects = {

/* Begin PBXBuildFile section */
		95ABF9B124B0B7D1F3175F5C /* Pods_ManageStaffTests.framework in Frameworks */ = {isa = PBXBuildFile; fileRef = 5B65CF6330108F4DBDAE4F9B /* Pods_ManageStaffTests.framework */; };
		A4D7F699EEB124D52E9062C4 /* Pods_ManageStaff_ManageStaffUITests.framework in Frameworks */ = {isa = PBXBuildFile; fileRef = 749E439AABC8E0E4442169CF /* Pods_ManageStaff_ManageStaffUITests.framework */; };
		B236DF33239DF749008EBBBA /* StaffVC.swift in Sources */ = {isa = PBXBuildFile; fileRef = B236DF32239DF749008EBBBA /* StaffVC.swift */; };
		B2395D78239CD8A900E7E71E /* ManagerVC.swift in Sources */ = {isa = PBXBuildFile; fileRef = B2395D77239CD8A900E7E71E /* ManagerVC.swift */; };
		B2395D7A239CDFE200E7E71E /* AddCalendar.swift in Sources */ = {isa = PBXBuildFile; fileRef = B2395D79239CDFE200E7E71E /* AddCalendar.swift */; };
		B23F71F423A34D920097C725 /* MainNavigationController.swift in Sources */ = {isa = PBXBuildFile; fileRef = B23F71F323A34D920097C725 /* MainNavigationController.swift */; };
		B25F200C239F30DA005D1E49 /* RegisterVC.swift in Sources */ = {isa = PBXBuildFile; fileRef = B25F200B239F30DA005D1E49 /* RegisterVC.swift */; };
		B2B15EBD23A75FC500C0D2C5 /* ScheduleNavigationVC.swift in Sources */ = {isa = PBXBuildFile; fileRef = B2B15EBC23A75FC500C0D2C5 /* ScheduleNavigationVC.swift */; };
		C30BBDEA23903468008C2956 /* ScanQRVC.swift in Sources */ = {isa = PBXBuildFile; fileRef = C30BBDE923903468008C2956 /* ScanQRVC.swift */; };
		C34C5C3B238E142600A54877 /* AppDelegate.swift in Sources */ = {isa = PBXBuildFile; fileRef = C34C5C3A238E142600A54877 /* AppDelegate.swift */; };
		C34C5C3D238E142600A54877 /* ViewController.swift in Sources */ = {isa = PBXBuildFile; fileRef = C34C5C3C238E142600A54877 /* ViewController.swift */; };
		C34C5C40238E142600A54877 /* Main.storyboard in Resources */ = {isa = PBXBuildFile; fileRef = C34C5C3E238E142600A54877 /* Main.storyboard */; };
		C34C5C43238E142600A54877 /* ManageStaff.xcdatamodeld in Sources */ = {isa = PBXBuildFile; fileRef = C34C5C41238E142600A54877 /* ManageStaff.xcdatamodeld */; };
		C34C5C45238E142800A54877 /* Assets.xcassets in Resources */ = {isa = PBXBuildFile; fileRef = C34C5C44238E142800A54877 /* Assets.xcassets */; };
		C34C5C48238E142800A54877 /* LaunchScreen.storyboard in Resources */ = {isa = PBXBuildFile; fileRef = C34C5C46238E142800A54877 /* LaunchScreen.storyboard */; };
		C34C5C53238E142800A54877 /* ManageStaffTests.swift in Sources */ = {isa = PBXBuildFile; fileRef = C34C5C52238E142800A54877 /* ManageStaffTests.swift */; };
		C34C5C5E238E142800A54877 /* ManageStaffUITests.swift in Sources */ = {isa = PBXBuildFile; fileRef = C34C5C5D238E142800A54877 /* ManageStaffUITests.swift */; };
		C34C5C6C238E14B400A54877 /* GoogleService-Info.plist in Resources */ = {isa = PBXBuildFile; fileRef = C34C5C6B238E14B400A54877 /* GoogleService-Info.plist */; };
		C397635D238FE4E70017C0A9 /* SignUpVC.swift in Sources */ = {isa = PBXBuildFile; fileRef = C397635C238FE4E70017C0A9 /* SignUpVC.swift */; };
		C397635F238FE5010017C0A9 /* SignInVC.swift in Sources */ = {isa = PBXBuildFile; fileRef = C397635E238FE5010017C0A9 /* SignInVC.swift */; };
		C3976362239029B80017C0A9 /* CheckInVC.swift in Sources */ = {isa = PBXBuildFile; fileRef = C3976361239029B80017C0A9 /* CheckInVC.swift */; };
		C3A0325C23959A32005FC134 /* Setting.swift in Sources */ = {isa = PBXBuildFile; fileRef = C3A0325B23959A32005FC134 /* Setting.swift */; };
		C3A0325E2395DB0A005FC134 /* EditAccountVC.swift in Sources */ = {isa = PBXBuildFile; fileRef = C3A0325D2395DB0A005FC134 /* EditAccountVC.swift */; };
		C3B6B7BB23ABD92F001BD4AB /* CustomCollectionViewLayout.swift in Sources */ = {isa = PBXBuildFile; fileRef = C3B6B7BA23ABD92F001BD4AB /* CustomCollectionViewLayout.swift */; };
		C3B6B7BD23ABD968001BD4AB /* ContentCollectionViewCell.swift in Sources */ = {isa = PBXBuildFile; fileRef = C3B6B7BC23ABD968001BD4AB /* ContentCollectionViewCell.swift */; };
		C3CA668B23AA96A1006BD50F /* SpreadsheetVC.swift in Sources */ = {isa = PBXBuildFile; fileRef = C3CA668A23AA96A1006BD50F /* SpreadsheetVC.swift */; };
		C3E7BB04239B2DF800FBE44B /* ResetPasswordVC.swift in Sources */ = {isa = PBXBuildFile; fileRef = C3E7BB03239B2DF800FBE44B /* ResetPasswordVC.swift */; };
		C3F04613239128100025B761 /* ManageAccountVC.swift in Sources */ = {isa = PBXBuildFile; fileRef = C3F04612239128100025B761 /* ManageAccountVC.swift */; };
		E3CCBDD9CCDFC6CB4E5BBEBA /* Pods_ManageStaff.framework in Frameworks */ = {isa = PBXBuildFile; fileRef = A6C0A23852FCBAA30C37828C /* Pods_ManageStaff.framework */; };
/* End PBXBuildFile section */

/* Begin PBXContainerItemProxy section */
		C34C5C4F238E142800A54877 /* PBXContainerItemProxy */ = {
			isa = PBXContainerItemProxy;
			containerPortal = C34C5C2F238E142600A54877 /* Project object */;
			proxyType = 1;
			remoteGlobalIDString = C34C5C36238E142600A54877;
			remoteInfo = ManageStaff;
		};
		C34C5C5A238E142800A54877 /* PBXContainerItemProxy */ = {
			isa = PBXContainerItemProxy;
			containerPortal = C34C5C2F238E142600A54877 /* Project object */;
			proxyType = 1;
			remoteGlobalIDString = C34C5C36238E142600A54877;
			remoteInfo = ManageStaff;
		};
/* End PBXContainerItemProxy section */

/* Begin PBXFileReference section */
		23A4050392581C76FC18C5CA /* Pods-ManageStaff-ManageStaffUITests.debug.xcconfig */ = {isa = PBXFileReference; includeInIndex = 1; lastKnownFileType = text.xcconfig; name = "Pods-ManageStaff-ManageStaffUITests.debug.xcconfig"; path = "Target Support Files/Pods-ManageStaff-ManageStaffUITests/Pods-ManageStaff-ManageStaffUITests.debug.xcconfig"; sourceTree = "<group>"; };
		30CBEF4EE167ABBC7ADE3830 /* Pods-ManageStaff-ManageStaffUITests.release.xcconfig */ = {isa = PBXFileReference; includeInIndex = 1; lastKnownFileType = text.xcconfig; name = "Pods-ManageStaff-ManageStaffUITests.release.xcconfig"; path = "Target Support Files/Pods-ManageStaff-ManageStaffUITests/Pods-ManageStaff-ManageStaffUITests.release.xcconfig"; sourceTree = "<group>"; };
		5B65CF6330108F4DBDAE4F9B /* Pods_ManageStaffTests.framework */ = {isa = PBXFileReference; explicitFileType = wrapper.framework; includeInIndex = 0; path = Pods_ManageStaffTests.framework; sourceTree = BUILT_PRODUCTS_DIR; };
		5E14D72B0D47DADB85A0716E /* Pods-ManageStaffTests.release.xcconfig */ = {isa = PBXFileReference; includeInIndex = 1; lastKnownFileType = text.xcconfig; name = "Pods-ManageStaffTests.release.xcconfig"; path = "Target Support Files/Pods-ManageStaffTests/Pods-ManageStaffTests.release.xcconfig"; sourceTree = "<group>"; };
		749E439AABC8E0E4442169CF /* Pods_ManageStaff_ManageStaffUITests.framework */ = {isa = PBXFileReference; explicitFileType = wrapper.framework; includeInIndex = 0; path = Pods_ManageStaff_ManageStaffUITests.framework; sourceTree = BUILT_PRODUCTS_DIR; };
		932323EE860691FC0C08AEDA /* Pods-ManageStaff.debug.xcconfig */ = {isa = PBXFileReference; includeInIndex = 1; lastKnownFileType = text.xcconfig; name = "Pods-ManageStaff.debug.xcconfig"; path = "Target Support Files/Pods-ManageStaff/Pods-ManageStaff.debug.xcconfig"; sourceTree = "<group>"; };
		A6C0A23852FCBAA30C37828C /* Pods_ManageStaff.framework */ = {isa = PBXFileReference; explicitFileType = wrapper.framework; includeInIndex = 0; path = Pods_ManageStaff.framework; sourceTree = BUILT_PRODUCTS_DIR; };
		B236DF32239DF749008EBBBA /* StaffVC.swift */ = {isa = PBXFileReference; lastKnownFileType = sourcecode.swift; path = StaffVC.swift; sourceTree = "<group>"; };
		B2395D77239CD8A900E7E71E /* ManagerVC.swift */ = {isa = PBXFileReference; lastKnownFileType = sourcecode.swift; path = ManagerVC.swift; sourceTree = "<group>"; };
		B2395D79239CDFE200E7E71E /* AddCalendar.swift */ = {isa = PBXFileReference; lastKnownFileType = sourcecode.swift; path = AddCalendar.swift; sourceTree = "<group>"; };
		B23F71F323A34D920097C725 /* MainNavigationController.swift */ = {isa = PBXFileReference; lastKnownFileType = sourcecode.swift; path = MainNavigationController.swift; sourceTree = "<group>"; };
		B25F200B239F30DA005D1E49 /* RegisterVC.swift */ = {isa = PBXFileReference; lastKnownFileType = sourcecode.swift; path = RegisterVC.swift; sourceTree = "<group>"; };
		B2B15EBC23A75FC500C0D2C5 /* ScheduleNavigationVC.swift */ = {isa = PBXFileReference; lastKnownFileType = sourcecode.swift; path = ScheduleNavigationVC.swift; sourceTree = "<group>"; };
		C30BBDE923903468008C2956 /* ScanQRVC.swift */ = {isa = PBXFileReference; lastKnownFileType = sourcecode.swift; path = ScanQRVC.swift; sourceTree = "<group>"; };
		C34C5C37238E142600A54877 /* ManageStaff.app */ = {isa = PBXFileReference; explicitFileType = wrapper.application; includeInIndex = 0; path = ManageStaff.app; sourceTree = BUILT_PRODUCTS_DIR; };
		C34C5C3A238E142600A54877 /* AppDelegate.swift */ = {isa = PBXFileReference; lastKnownFileType = sourcecode.swift; path = AppDelegate.swift; sourceTree = "<group>"; };
		C34C5C3C238E142600A54877 /* ViewController.swift */ = {isa = PBXFileReference; lastKnownFileType = sourcecode.swift; path = ViewController.swift; sourceTree = "<group>"; };
		C34C5C3F238E142600A54877 /* Base */ = {isa = PBXFileReference; lastKnownFileType = file.storyboard; name = Base; path = Base.lproj/Main.storyboard; sourceTree = "<group>"; };
		C34C5C42238E142600A54877 /* ManageStaff.xcdatamodel */ = {isa = PBXFileReference; lastKnownFileType = wrapper.xcdatamodel; path = ManageStaff.xcdatamodel; sourceTree = "<group>"; };
		C34C5C44238E142800A54877 /* Assets.xcassets */ = {isa = PBXFileReference; lastKnownFileType = folder.assetcatalog; path = Assets.xcassets; sourceTree = "<group>"; };
		C34C5C47238E142800A54877 /* Base */ = {isa = PBXFileReference; lastKnownFileType = file.storyboard; name = Base; path = Base.lproj/LaunchScreen.storyboard; sourceTree = "<group>"; };
		C34C5C49238E142800A54877 /* Info.plist */ = {isa = PBXFileReference; lastKnownFileType = text.plist.xml; path = Info.plist; sourceTree = "<group>"; };
		C34C5C4E238E142800A54877 /* ManageStaffTests.xctest */ = {isa = PBXFileReference; explicitFileType = wrapper.cfbundle; includeInIndex = 0; path = ManageStaffTests.xctest; sourceTree = BUILT_PRODUCTS_DIR; };
		C34C5C52238E142800A54877 /* ManageStaffTests.swift */ = {isa = PBXFileReference; lastKnownFileType = sourcecode.swift; path = ManageStaffTests.swift; sourceTree = "<group>"; };
		C34C5C54238E142800A54877 /* Info.plist */ = {isa = PBXFileReference; lastKnownFileType = text.plist.xml; path = Info.plist; sourceTree = "<group>"; };
		C34C5C59238E142800A54877 /* ManageStaffUITests.xctest */ = {isa = PBXFileReference; explicitFileType = wrapper.cfbundle; includeInIndex = 0; path = ManageStaffUITests.xctest; sourceTree = BUILT_PRODUCTS_DIR; };
		C34C5C5D238E142800A54877 /* ManageStaffUITests.swift */ = {isa = PBXFileReference; lastKnownFileType = sourcecode.swift; path = ManageStaffUITests.swift; sourceTree = "<group>"; };
		C34C5C5F238E142800A54877 /* Info.plist */ = {isa = PBXFileReference; lastKnownFileType = text.plist.xml; path = Info.plist; sourceTree = "<group>"; };
		C34C5C6B238E14B400A54877 /* GoogleService-Info.plist */ = {isa = PBXFileReference; fileEncoding = 4; lastKnownFileType = text.plist.xml; path = "GoogleService-Info.plist"; sourceTree = "<group>"; };
		C397635C238FE4E70017C0A9 /* SignUpVC.swift */ = {isa = PBXFileReference; lastKnownFileType = sourcecode.swift; path = SignUpVC.swift; sourceTree = "<group>"; };
		C397635E238FE5010017C0A9 /* SignInVC.swift */ = {isa = PBXFileReference; lastKnownFileType = sourcecode.swift; path = SignInVC.swift; sourceTree = "<group>"; };
		C3976361239029B80017C0A9 /* CheckInVC.swift */ = {isa = PBXFileReference; lastKnownFileType = sourcecode.swift; path = CheckInVC.swift; sourceTree = "<group>"; };
		C3A0325B23959A32005FC134 /* Setting.swift */ = {isa = PBXFileReference; lastKnownFileType = sourcecode.swift; path = Setting.swift; sourceTree = "<group>"; };
		C3A0325D2395DB0A005FC134 /* EditAccountVC.swift */ = {isa = PBXFileReference; lastKnownFileType = sourcecode.swift; name = EditAccountVC.swift; path = "../New Group/EditAccountVC.swift"; sourceTree = "<group>"; };
		C3B6B7BA23ABD92F001BD4AB /* CustomCollectionViewLayout.swift */ = {isa = PBXFileReference; lastKnownFileType = sourcecode.swift; path = CustomCollectionViewLayout.swift; sourceTree = "<group>"; };
		C3B6B7BC23ABD968001BD4AB /* ContentCollectionViewCell.swift */ = {isa = PBXFileReference; lastKnownFileType = sourcecode.swift; path = ContentCollectionViewCell.swift; sourceTree = "<group>"; };
		C3CA668A23AA96A1006BD50F /* SpreadsheetVC.swift */ = {isa = PBXFileReference; lastKnownFileType = sourcecode.swift; path = SpreadsheetVC.swift; sourceTree = "<group>"; };
		C3E7BB03239B2DF800FBE44B /* ResetPasswordVC.swift */ = {isa = PBXFileReference; lastKnownFileType = sourcecode.swift; path = ResetPasswordVC.swift; sourceTree = "<group>"; };
		C3F04612239128100025B761 /* ManageAccountVC.swift */ = {isa = PBXFileReference; lastKnownFileType = sourcecode.swift; path = ManageAccountVC.swift; sourceTree = "<group>"; };
		F456E9CA01BE0B1715B76068 /* Pods-ManageStaff.release.xcconfig */ = {isa = PBXFileReference; includeInIndex = 1; lastKnownFileType = text.xcconfig; name = "Pods-ManageStaff.release.xcconfig"; path = "Target Support Files/Pods-ManageStaff/Pods-ManageStaff.release.xcconfig"; sourceTree = "<group>"; };
		FF170F78B3ECE49BE7862E6A /* Pods-ManageStaffTests.debug.xcconfig */ = {isa = PBXFileReference; includeInIndex = 1; lastKnownFileType = text.xcconfig; name = "Pods-ManageStaffTests.debug.xcconfig"; path = "Target Support Files/Pods-ManageStaffTests/Pods-ManageStaffTests.debug.xcconfig"; sourceTree = "<group>"; };
/* End PBXFileReference section */

/* Begin PBXFrameworksBuildPhase section */
		C34C5C34238E142600A54877 /* Frameworks */ = {
			isa = PBXFrameworksBuildPhase;
			buildActionMask = 2147483647;
			files = (
				E3CCBDD9CCDFC6CB4E5BBEBA /* Pods_ManageStaff.framework in Frameworks */,
			);
			runOnlyForDeploymentPostprocessing = 0;
		};
		C34C5C4B238E142800A54877 /* Frameworks */ = {
			isa = PBXFrameworksBuildPhase;
			buildActionMask = 2147483647;
			files = (
				95ABF9B124B0B7D1F3175F5C /* Pods_ManageStaffTests.framework in Frameworks */,
			);
			runOnlyForDeploymentPostprocessing = 0;
		};
		C34C5C56238E142800A54877 /* Frameworks */ = {
			isa = PBXFrameworksBuildPhase;
			buildActionMask = 2147483647;
			files = (
				A4D7F699EEB124D52E9062C4 /* Pods_ManageStaff_ManageStaffUITests.framework in Frameworks */,
			);
			runOnlyForDeploymentPostprocessing = 0;
		};
/* End PBXFrameworksBuildPhase section */

/* Begin PBXGroup section */
		232458EEEA1B8AF0BDCD0F51 /* Pods */ = {
			isa = PBXGroup;
			children = (
				932323EE860691FC0C08AEDA /* Pods-ManageStaff.debug.xcconfig */,
				F456E9CA01BE0B1715B76068 /* Pods-ManageStaff.release.xcconfig */,
				23A4050392581C76FC18C5CA /* Pods-ManageStaff-ManageStaffUITests.debug.xcconfig */,
				30CBEF4EE167ABBC7ADE3830 /* Pods-ManageStaff-ManageStaffUITests.release.xcconfig */,
				FF170F78B3ECE49BE7862E6A /* Pods-ManageStaffTests.debug.xcconfig */,
				5E14D72B0D47DADB85A0716E /* Pods-ManageStaffTests.release.xcconfig */,
			);
			path = Pods;
			sourceTree = "<group>";
		};
		B2395D76239CD79000E7E71E /* Signup Calendar */ = {
			isa = PBXGroup;
			children = (
				B23BECF8239EBC160080773C /* For staff */,
				B23BECF7239EBC070080773C /* For manager */,
				B2B15EBC23A75FC500C0D2C5 /* ScheduleNavigationVC.swift */,
			);
			path = "Signup Calendar";
			sourceTree = "<group>";
		};
		B23BECF7239EBC070080773C /* For manager */ = {
			isa = PBXGroup;
			children = (
				B2395D77239CD8A900E7E71E /* ManagerVC.swift */,
				B2395D79239CDFE200E7E71E /* AddCalendar.swift */,
			);
			path = "For manager";
			sourceTree = "<group>";
		};
		B23BECF8239EBC160080773C /* For staff */ = {
			isa = PBXGroup;
			children = (
				B236DF32239DF749008EBBBA /* StaffVC.swift */,
				B25F200B239F30DA005D1E49 /* RegisterVC.swift */,
			);
			path = "For staff";
			sourceTree = "<group>";
		};
		C34C5C2E238E142600A54877 = {
			isa = PBXGroup;
			children = (
				C3A0325B23959A32005FC134 /* Setting.swift */,
				C34C5C39238E142600A54877 /* ManageStaff */,
				C34C5C51238E142800A54877 /* ManageStaffTests */,
				C34C5C5C238E142800A54877 /* ManageStaffUITests */,
				C34C5C38238E142600A54877 /* Products */,
				232458EEEA1B8AF0BDCD0F51 /* Pods */,
				DCC5A18436F7C6C029C08A33 /* Frameworks */,
			);
			sourceTree = "<group>";
		};
		C34C5C38238E142600A54877 /* Products */ = {
			isa = PBXGroup;
			children = (
				C34C5C37238E142600A54877 /* ManageStaff.app */,
				C34C5C4E238E142800A54877 /* ManageStaffTests.xctest */,
				C34C5C59238E142800A54877 /* ManageStaffUITests.xctest */,
			);
			name = Products;
			sourceTree = "<group>";
		};
		C34C5C39238E142600A54877 /* ManageStaff */ = {
			isa = PBXGroup;
			children = (
				C3A4834323AA0387009BAA7B /* Report */,
				C3A032612395DB54005FC134 /* System */,
				C3A032602395DB2C005FC134 /* CheckInOut */,
				C3A0325F2395DB13005FC134 /* Account */,
				C3976360238FEB000017C0A9 /* Authentication */,
				B2395D76239CD79000E7E71E /* Signup Calendar */,
				C34C5C3C238E142600A54877 /* ViewController.swift */,
				C34C5C49238E142800A54877 /* Info.plist */,
				B23F71F323A34D920097C725 /* MainNavigationController.swift */,
				C34C5C3E238E142600A54877 /* Main.storyboard */,
			);
			path = ManageStaff;
			sourceTree = "<group>";
		};
		C34C5C51238E142800A54877 /* ManageStaffTests */ = {
			isa = PBXGroup;
			children = (
				C34C5C52238E142800A54877 /* ManageStaffTests.swift */,
				C34C5C54238E142800A54877 /* Info.plist */,
			);
			path = ManageStaffTests;
			sourceTree = "<group>";
		};
		C34C5C5C238E142800A54877 /* ManageStaffUITests */ = {
			isa = PBXGroup;
			children = (
				C34C5C5D238E142800A54877 /* ManageStaffUITests.swift */,
				C34C5C5F238E142800A54877 /* Info.plist */,
			);
			path = ManageStaffUITests;
			sourceTree = "<group>";
		};
		C3976360238FEB000017C0A9 /* Authentication */ = {
			isa = PBXGroup;
			children = (
				C397635C238FE4E70017C0A9 /* SignUpVC.swift */,
				C397635E238FE5010017C0A9 /* SignInVC.swift */,
				C3E7BB03239B2DF800FBE44B /* ResetPasswordVC.swift */,
			);
			path = Authentication;
			sourceTree = "<group>";
		};
		C3A0325F2395DB13005FC134 /* Account */ = {
			isa = PBXGroup;
			children = (
				C3F04612239128100025B761 /* ManageAccountVC.swift */,
				C3A0325D2395DB0A005FC134 /* EditAccountVC.swift */,
			);
			path = Account;
			sourceTree = "<group>";
		};
		C3A032602395DB2C005FC134 /* CheckInOut */ = {
			isa = PBXGroup;
			children = (
				C30BBDE923903468008C2956 /* ScanQRVC.swift */,
				C3976361239029B80017C0A9 /* CheckInVC.swift */,
			);
			path = CheckInOut;
			sourceTree = "<group>";
		};
		C3A032612395DB54005FC134 /* System */ = {
			isa = PBXGroup;
			children = (
				C34C5C3A238E142600A54877 /* AppDelegate.swift */,
				C34C5C44238E142800A54877 /* Assets.xcassets */,
				C34C5C46238E142800A54877 /* LaunchScreen.storyboard */,
				C34C5C41238E142600A54877 /* ManageStaff.xcdatamodeld */,
				C34C5C6B238E14B400A54877 /* GoogleService-Info.plist */,
			);
			path = System;
			sourceTree = "<group>";
		};
		C3A4834323AA0387009BAA7B /* Report */ = {
			isa = PBXGroup;
			children = (
				C3CA668A23AA96A1006BD50F /* SpreadsheetVC.swift */,
				C3B6B7BA23ABD92F001BD4AB /* CustomCollectionViewLayout.swift */,
				C3B6B7BC23ABD968001BD4AB /* ContentCollectionViewCell.swift */,
			);
			path = Report;
			sourceTree = "<group>";
		};
		DCC5A18436F7C6C029C08A33 /* Frameworks */ = {
			isa = PBXGroup;
			children = (
				A6C0A23852FCBAA30C37828C /* Pods_ManageStaff.framework */,
				749E439AABC8E0E4442169CF /* Pods_ManageStaff_ManageStaffUITests.framework */,
				5B65CF6330108F4DBDAE4F9B /* Pods_ManageStaffTests.framework */,
			);
			name = Frameworks;
			sourceTree = "<group>";
		};
/* End PBXGroup section */

/* Begin PBXNativeTarget section */
		C34C5C36238E142600A54877 /* ManageStaff */ = {
			isa = PBXNativeTarget;
			buildConfigurationList = C34C5C62238E142800A54877 /* Build configuration list for PBXNativeTarget "ManageStaff" */;
			buildPhases = (
				23D2911BFDC4A248AA29F381 /* [CP] Check Pods Manifest.lock */,
				C34C5C33238E142600A54877 /* Sources */,
				C34C5C34238E142600A54877 /* Frameworks */,
				C34C5C35238E142600A54877 /* Resources */,
				99A47AFCB9A8A3E2737B62DB /* [CP] Embed Pods Frameworks */,
			);
			buildRules = (
			);
			dependencies = (
			);
			name = ManageStaff;
			productName = ManageStaff;
			productReference = C34C5C37238E142600A54877 /* ManageStaff.app */;
			productType = "com.apple.product-type.application";
		};
		C34C5C4D238E142800A54877 /* ManageStaffTests */ = {
			isa = PBXNativeTarget;
			buildConfigurationList = C34C5C65238E142800A54877 /* Build configuration list for PBXNativeTarget "ManageStaffTests" */;
			buildPhases = (
				B1488AD1E0E46FD282F2542D /* [CP] Check Pods Manifest.lock */,
				C34C5C4A238E142800A54877 /* Sources */,
				C34C5C4B238E142800A54877 /* Frameworks */,
				C34C5C4C238E142800A54877 /* Resources */,
			);
			buildRules = (
			);
			dependencies = (
				C34C5C50238E142800A54877 /* PBXTargetDependency */,
			);
			name = ManageStaffTests;
			productName = ManageStaffTests;
			productReference = C34C5C4E238E142800A54877 /* ManageStaffTests.xctest */;
			productType = "com.apple.product-type.bundle.unit-test";
		};
		C34C5C58238E142800A54877 /* ManageStaffUITests */ = {
			isa = PBXNativeTarget;
			buildConfigurationList = C34C5C68238E142800A54877 /* Build configuration list for PBXNativeTarget "ManageStaffUITests" */;
			buildPhases = (
				83E59D92031BE4163098ABF9 /* [CP] Check Pods Manifest.lock */,
				C34C5C55238E142800A54877 /* Sources */,
				C34C5C56238E142800A54877 /* Frameworks */,
				C34C5C57238E142800A54877 /* Resources */,
				9ECE1BB313B67E491FACAB80 /* [CP] Embed Pods Frameworks */,
			);
			buildRules = (
			);
			dependencies = (
				C34C5C5B238E142800A54877 /* PBXTargetDependency */,
			);
			name = ManageStaffUITests;
			productName = ManageStaffUITests;
			productReference = C34C5C59238E142800A54877 /* ManageStaffUITests.xctest */;
			productType = "com.apple.product-type.bundle.ui-testing";
		};
/* End PBXNativeTarget section */

/* Begin PBXProject section */
		C34C5C2F238E142600A54877 /* Project object */ = {
			isa = PBXProject;
			attributes = {
				LastSwiftUpdateCheck = 1020;
				LastUpgradeCheck = 1020;
				ORGANIZATIONNAME = linh;
				TargetAttributes = {
					C34C5C36238E142600A54877 = {
						CreatedOnToolsVersion = 10.2.1;
					};
					C34C5C4D238E142800A54877 = {
						CreatedOnToolsVersion = 10.2.1;
						TestTargetID = C34C5C36238E142600A54877;
					};
					C34C5C58238E142800A54877 = {
						CreatedOnToolsVersion = 10.2.1;
						TestTargetID = C34C5C36238E142600A54877;
					};
				};
			};
			buildConfigurationList = C34C5C32238E142600A54877 /* Build configuration list for PBXProject "ManageStaff" */;
			compatibilityVersion = "Xcode 9.3";
			developmentRegion = en;
			hasScannedForEncodings = 0;
			knownRegions = (
				en,
				Base,
			);
			mainGroup = C34C5C2E238E142600A54877;
			productRefGroup = C34C5C38238E142600A54877 /* Products */;
			projectDirPath = "";
			projectRoot = "";
			targets = (
				C34C5C36238E142600A54877 /* ManageStaff */,
				C34C5C4D238E142800A54877 /* ManageStaffTests */,
				C34C5C58238E142800A54877 /* ManageStaffUITests */,
			);
		};
/* End PBXProject section */

/* Begin PBXResourcesBuildPhase section */
		C34C5C35238E142600A54877 /* Resources */ = {
			isa = PBXResourcesBuildPhase;
			buildActionMask = 2147483647;
			files = (
				C34C5C48238E142800A54877 /* LaunchScreen.storyboard in Resources */,
				C34C5C45238E142800A54877 /* Assets.xcassets in Resources */,
				C34C5C40238E142600A54877 /* Main.storyboard in Resources */,
				C34C5C6C238E14B400A54877 /* GoogleService-Info.plist in Resources */,
			);
			runOnlyForDeploymentPostprocessing = 0;
		};
		C34C5C4C238E142800A54877 /* Resources */ = {
			isa = PBXResourcesBuildPhase;
			buildActionMask = 2147483647;
			files = (
			);
			runOnlyForDeploymentPostprocessing = 0;
		};
		C34C5C57238E142800A54877 /* Resources */ = {
			isa = PBXResourcesBuildPhase;
			buildActionMask = 2147483647;
			files = (
			);
			runOnlyForDeploymentPostprocessing = 0;
		};
/* End PBXResourcesBuildPhase section */

/* Begin PBXShellScriptBuildPhase section */
		23D2911BFDC4A248AA29F381 /* [CP] Check Pods Manifest.lock */ = {
			isa = PBXShellScriptBuildPhase;
			buildActionMask = 2147483647;
			files = (
			);
			inputFileListPaths = (
			);
			inputPaths = (
				"${PODS_PODFILE_DIR_PATH}/Podfile.lock",
				"${PODS_ROOT}/Manifest.lock",
			);
			name = "[CP] Check Pods Manifest.lock";
			outputFileListPaths = (
			);
			outputPaths = (
				"$(DERIVED_FILE_DIR)/Pods-ManageStaff-checkManifestLockResult.txt",
			);
			runOnlyForDeploymentPostprocessing = 0;
			shellPath = /bin/sh;
			shellScript = "diff \"${PODS_PODFILE_DIR_PATH}/Podfile.lock\" \"${PODS_ROOT}/Manifest.lock\" > /dev/null\nif [ $? != 0 ] ; then\n    # print error to STDERR\n    echo \"error: The sandbox is not in sync with the Podfile.lock. Run 'pod install' or update your CocoaPods installation.\" >&2\n    exit 1\nfi\n# This output is used by Xcode 'outputs' to avoid re-running this script phase.\necho \"SUCCESS\" > \"${SCRIPT_OUTPUT_FILE_0}\"\n";
			showEnvVarsInLog = 0;
		};
		83E59D92031BE4163098ABF9 /* [CP] Check Pods Manifest.lock */ = {
			isa = PBXShellScriptBuildPhase;
			buildActionMask = 2147483647;
			files = (
			);
			inputFileListPaths = (
			);
			inputPaths = (
				"${PODS_PODFILE_DIR_PATH}/Podfile.lock",
				"${PODS_ROOT}/Manifest.lock",
			);
			name = "[CP] Check Pods Manifest.lock";
			outputFileListPaths = (
			);
			outputPaths = (
				"$(DERIVED_FILE_DIR)/Pods-ManageStaff-ManageStaffUITests-checkManifestLockResult.txt",
			);
			runOnlyForDeploymentPostprocessing = 0;
			shellPath = /bin/sh;
			shellScript = "diff \"${PODS_PODFILE_DIR_PATH}/Podfile.lock\" \"${PODS_ROOT}/Manifest.lock\" > /dev/null\nif [ $? != 0 ] ; then\n    # print error to STDERR\n    echo \"error: The sandbox is not in sync with the Podfile.lock. Run 'pod install' or update your CocoaPods installation.\" >&2\n    exit 1\nfi\n# This output is used by Xcode 'outputs' to avoid re-running this script phase.\necho \"SUCCESS\" > \"${SCRIPT_OUTPUT_FILE_0}\"\n";
			showEnvVarsInLog = 0;
		};
		99A47AFCB9A8A3E2737B62DB /* [CP] Embed Pods Frameworks */ = {
			isa = PBXShellScriptBuildPhase;
			buildActionMask = 2147483647;
			files = (
			);
			inputFileListPaths = (
				"${PODS_ROOT}/Target Support Files/Pods-ManageStaff/Pods-ManageStaff-frameworks-${CONFIGURATION}-input-files.xcfilelist",
			);
			name = "[CP] Embed Pods Frameworks";
			outputFileListPaths = (
				"${PODS_ROOT}/Target Support Files/Pods-ManageStaff/Pods-ManageStaff-frameworks-${CONFIGURATION}-output-files.xcfilelist",
			);
			runOnlyForDeploymentPostprocessing = 0;
			shellPath = /bin/sh;
			shellScript = "\"${PODS_ROOT}/Target Support Files/Pods-ManageStaff/Pods-ManageStaff-frameworks.sh\"\n";
			showEnvVarsInLog = 0;
		};
		9ECE1BB313B67E491FACAB80 /* [CP] Embed Pods Frameworks */ = {
			isa = PBXShellScriptBuildPhase;
			buildActionMask = 2147483647;
			files = (
			);
			inputFileListPaths = (
				"${PODS_ROOT}/Target Support Files/Pods-ManageStaff-ManageStaffUITests/Pods-ManageStaff-ManageStaffUITests-frameworks-${CONFIGURATION}-input-files.xcfilelist",
			);
			name = "[CP] Embed Pods Frameworks";
			outputFileListPaths = (
				"${PODS_ROOT}/Target Support Files/Pods-ManageStaff-ManageStaffUITests/Pods-ManageStaff-ManageStaffUITests-frameworks-${CONFIGURATION}-output-files.xcfilelist",
			);
			runOnlyForDeploymentPostprocessing = 0;
			shellPath = /bin/sh;
			shellScript = "\"${PODS_ROOT}/Target Support Files/Pods-ManageStaff-ManageStaffUITests/Pods-ManageStaff-ManageStaffUITests-frameworks.sh\"\n";
			showEnvVarsInLog = 0;
		};
		B1488AD1E0E46FD282F2542D /* [CP] Check Pods Manifest.lock */ = {
			isa = PBXShellScriptBuildPhase;
			buildActionMask = 2147483647;
			files = (
			);
			inputFileListPaths = (
			);
			inputPaths = (
				"${PODS_PODFILE_DIR_PATH}/Podfile.lock",
				"${PODS_ROOT}/Manifest.lock",
			);
			name = "[CP] Check Pods Manifest.lock";
			outputFileListPaths = (
			);
			outputPaths = (
				"$(DERIVED_FILE_DIR)/Pods-ManageStaffTests-checkManifestLockResult.txt",
			);
			runOnlyForDeploymentPostprocessing = 0;
			shellPath = /bin/sh;
			shellScript = "diff \"${PODS_PODFILE_DIR_PATH}/Podfile.lock\" \"${PODS_ROOT}/Manifest.lock\" > /dev/null\nif [ $? != 0 ] ; then\n    # print error to STDERR\n    echo \"error: The sandbox is not in sync with the Podfile.lock. Run 'pod install' or update your CocoaPods installation.\" >&2\n    exit 1\nfi\n# This output is used by Xcode 'outputs' to avoid re-running this script phase.\necho \"SUCCESS\" > \"${SCRIPT_OUTPUT_FILE_0}\"\n";
			showEnvVarsInLog = 0;
		};
/* End PBXShellScriptBuildPhase section */

/* Begin PBXSourcesBuildPhase section */
		C34C5C33238E142600A54877 /* Sources */ = {
			isa = PBXSourcesBuildPhase;
			buildActionMask = 2147483647;
			files = (
				C3976362239029B80017C0A9 /* CheckInVC.swift in Sources */,
				C397635D238FE4E70017C0A9 /* SignUpVC.swift in Sources */,
				C34C5C43238E142600A54877 /* ManageStaff.xcdatamodeld in Sources */,
				C34C5C3D238E142600A54877 /* ViewController.swift in Sources */,
				C3B6B7BD23ABD968001BD4AB /* ContentCollectionViewCell.swift in Sources */,
				C3E7BB04239B2DF800FBE44B /* ResetPasswordVC.swift in Sources */,
				C30BBDEA23903468008C2956 /* ScanQRVC.swift in Sources */,
				B23F71F423A34D920097C725 /* MainNavigationController.swift in Sources */,
				C3B6B7BB23ABD92F001BD4AB /* CustomCollectionViewLayout.swift in Sources */,
				C34C5C3B238E142600A54877 /* AppDelegate.swift in Sources */,
				C397635F238FE5010017C0A9 /* SignInVC.swift in Sources */,
				C3F04613239128100025B761 /* ManageAccountVC.swift in Sources */,
				B25F200C239F30DA005D1E49 /* RegisterVC.swift in Sources */,
				B236DF33239DF749008EBBBA /* StaffVC.swift in Sources */,
				C3A0325E2395DB0A005FC134 /* EditAccountVC.swift in Sources */,
				B2B15EBD23A75FC500C0D2C5 /* ScheduleNavigationVC.swift in Sources */,
				B2395D78239CD8A900E7E71E /* ManagerVC.swift in Sources */,
				C3CA668B23AA96A1006BD50F /* SpreadsheetVC.swift in Sources */,
				C3A0325C23959A32005FC134 /* Setting.swift in Sources */,
				B2395D7A239CDFE200E7E71E /* AddCalendar.swift in Sources */,
			);
			runOnlyForDeploymentPostprocessing = 0;
		};
		C34C5C4A238E142800A54877 /* Sources */ = {
			isa = PBXSourcesBuildPhase;
			buildActionMask = 2147483647;
			files = (
				C34C5C53238E142800A54877 /* ManageStaffTests.swift in Sources */,
			);
			runOnlyForDeploymentPostprocessing = 0;
		};
		C34C5C55238E142800A54877 /* Sources */ = {
			isa = PBXSourcesBuildPhase;
			buildActionMask = 2147483647;
			files = (
				C34C5C5E238E142800A54877 /* ManageStaffUITests.swift in Sources */,
			);
			runOnlyForDeploymentPostprocessing = 0;
		};
/* End PBXSourcesBuildPhase section */

/* Begin PBXTargetDependency section */
		C34C5C50238E142800A54877 /* PBXTargetDependency */ = {
			isa = PBXTargetDependency;
			target = C34C5C36238E142600A54877 /* ManageStaff */;
			targetProxy = C34C5C4F238E142800A54877 /* PBXContainerItemProxy */;
		};
		C34C5C5B238E142800A54877 /* PBXTargetDependency */ = {
			isa = PBXTargetDependency;
			target = C34C5C36238E142600A54877 /* ManageStaff */;
			targetProxy = C34C5C5A238E142800A54877 /* PBXContainerItemProxy */;
		};
/* End PBXTargetDependency section */

/* Begin PBXVariantGroup section */
		C34C5C3E238E142600A54877 /* Main.storyboard */ = {
			isa = PBXVariantGroup;
			children = (
				C34C5C3F238E142600A54877 /* Base */,
			);
			name = Main.storyboard;
			sourceTree = "<group>";
		};
		C34C5C46238E142800A54877 /* LaunchScreen.storyboard */ = {
			isa = PBXVariantGroup;
			children = (
				C34C5C47238E142800A54877 /* Base */,
			);
			name = LaunchScreen.storyboard;
			sourceTree = "<group>";
		};
/* End PBXVariantGroup section */

/* Begin XCBuildConfiguration section */
		C34C5C60238E142800A54877 /* Debug */ = {
			isa = XCBuildConfiguration;
			buildSettings = {
				ALWAYS_SEARCH_USER_PATHS = NO;
				CLANG_ANALYZER_NONNULL = YES;
				CLANG_ANALYZER_NUMBER_OBJECT_CONVERSION = YES_AGGRESSIVE;
				CLANG_CXX_LANGUAGE_STANDARD = "gnu++14";
				CLANG_CXX_LIBRARY = "libc++";
				CLANG_ENABLE_MODULES = YES;
				CLANG_ENABLE_OBJC_ARC = YES;
				CLANG_ENABLE_OBJC_WEAK = YES;
				CLANG_WARN_BLOCK_CAPTURE_AUTORELEASING = YES;
				CLANG_WARN_BOOL_CONVERSION = YES;
				CLANG_WARN_COMMA = YES;
				CLANG_WARN_CONSTANT_CONVERSION = YES;
				CLANG_WARN_DEPRECATED_OBJC_IMPLEMENTATIONS = YES;
				CLANG_WARN_DIRECT_OBJC_ISA_USAGE = YES_ERROR;
				CLANG_WARN_DOCUMENTATION_COMMENTS = YES;
				CLANG_WARN_EMPTY_BODY = YES;
				CLANG_WARN_ENUM_CONVERSION = YES;
				CLANG_WARN_INFINITE_RECURSION = YES;
				CLANG_WARN_INT_CONVERSION = YES;
				CLANG_WARN_NON_LITERAL_NULL_CONVERSION = YES;
				CLANG_WARN_OBJC_IMPLICIT_RETAIN_SELF = YES;
				CLANG_WARN_OBJC_LITERAL_CONVERSION = YES;
				CLANG_WARN_OBJC_ROOT_CLASS = YES_ERROR;
				CLANG_WARN_RANGE_LOOP_ANALYSIS = YES;
				CLANG_WARN_STRICT_PROTOTYPES = YES;
				CLANG_WARN_SUSPICIOUS_MOVE = YES;
				CLANG_WARN_UNGUARDED_AVAILABILITY = YES_AGGRESSIVE;
				CLANG_WARN_UNREACHABLE_CODE = YES;
				CLANG_WARN__DUPLICATE_METHOD_MATCH = YES;
				CODE_SIGN_IDENTITY = "iPhone Developer";
				COPY_PHASE_STRIP = NO;
				DEBUG_INFORMATION_FORMAT = dwarf;
				ENABLE_STRICT_OBJC_MSGSEND = YES;
				ENABLE_TESTABILITY = YES;
				GCC_C_LANGUAGE_STANDARD = gnu11;
				GCC_DYNAMIC_NO_PIC = NO;
				GCC_NO_COMMON_BLOCKS = YES;
				GCC_OPTIMIZATION_LEVEL = 0;
				GCC_PREPROCESSOR_DEFINITIONS = (
					"DEBUG=1",
					"$(inherited)",
				);
				GCC_WARN_64_TO_32_BIT_CONVERSION = YES;
				GCC_WARN_ABOUT_RETURN_TYPE = YES_ERROR;
				GCC_WARN_UNDECLARED_SELECTOR = YES;
				GCC_WARN_UNINITIALIZED_AUTOS = YES_AGGRESSIVE;
				GCC_WARN_UNUSED_FUNCTION = YES;
				GCC_WARN_UNUSED_VARIABLE = YES;
				IPHONEOS_DEPLOYMENT_TARGET = 12.2;
				MTL_ENABLE_DEBUG_INFO = INCLUDE_SOURCE;
				MTL_FAST_MATH = YES;
				ONLY_ACTIVE_ARCH = YES;
				SDKROOT = iphoneos;
				SWIFT_ACTIVE_COMPILATION_CONDITIONS = DEBUG;
				SWIFT_OPTIMIZATION_LEVEL = "-Onone";
			};
			name = Debug;
		};
		C34C5C61238E142800A54877 /* Release */ = {
			isa = XCBuildConfiguration;
			buildSettings = {
				ALWAYS_SEARCH_USER_PATHS = NO;
				CLANG_ANALYZER_NONNULL = YES;
				CLANG_ANALYZER_NUMBER_OBJECT_CONVERSION = YES_AGGRESSIVE;
				CLANG_CXX_LANGUAGE_STANDARD = "gnu++14";
				CLANG_CXX_LIBRARY = "libc++";
				CLANG_ENABLE_MODULES = YES;
				CLANG_ENABLE_OBJC_ARC = YES;
				CLANG_ENABLE_OBJC_WEAK = YES;
				CLANG_WARN_BLOCK_CAPTURE_AUTORELEASING = YES;
				CLANG_WARN_BOOL_CONVERSION = YES;
				CLANG_WARN_COMMA = YES;
				CLANG_WARN_CONSTANT_CONVERSION = YES;
				CLANG_WARN_DEPRECATED_OBJC_IMPLEMENTATIONS = YES;
				CLANG_WARN_DIRECT_OBJC_ISA_USAGE = YES_ERROR;
				CLANG_WARN_DOCUMENTATION_COMMENTS = YES;
				CLANG_WARN_EMPTY_BODY = YES;
				CLANG_WARN_ENUM_CONVERSION = YES;
				CLANG_WARN_INFINITE_RECURSION = YES;
				CLANG_WARN_INT_CONVERSION = YES;
				CLANG_WARN_NON_LITERAL_NULL_CONVERSION = YES;
				CLANG_WARN_OBJC_IMPLICIT_RETAIN_SELF = YES;
				CLANG_WARN_OBJC_LITERAL_CONVERSION = YES;
				CLANG_WARN_OBJC_ROOT_CLASS = YES_ERROR;
				CLANG_WARN_RANGE_LOOP_ANALYSIS = YES;
				CLANG_WARN_STRICT_PROTOTYPES = YES;
				CLANG_WARN_SUSPICIOUS_MOVE = YES;
				CLANG_WARN_UNGUARDED_AVAILABILITY = YES_AGGRESSIVE;
				CLANG_WARN_UNREACHABLE_CODE = YES;
				CLANG_WARN__DUPLICATE_METHOD_MATCH = YES;
				CODE_SIGN_IDENTITY = "iPhone Developer";
				COPY_PHASE_STRIP = NO;
				DEBUG_INFORMATION_FORMAT = "dwarf-with-dsym";
				ENABLE_NS_ASSERTIONS = NO;
				ENABLE_STRICT_OBJC_MSGSEND = YES;
				GCC_C_LANGUAGE_STANDARD = gnu11;
				GCC_NO_COMMON_BLOCKS = YES;
				GCC_WARN_64_TO_32_BIT_CONVERSION = YES;
				GCC_WARN_ABOUT_RETURN_TYPE = YES_ERROR;
				GCC_WARN_UNDECLARED_SELECTOR = YES;
				GCC_WARN_UNINITIALIZED_AUTOS = YES_AGGRESSIVE;
				GCC_WARN_UNUSED_FUNCTION = YES;
				GCC_WARN_UNUSED_VARIABLE = YES;
				IPHONEOS_DEPLOYMENT_TARGET = 12.2;
				MTL_ENABLE_DEBUG_INFO = NO;
				MTL_FAST_MATH = YES;
				SDKROOT = iphoneos;
				SWIFT_COMPILATION_MODE = wholemodule;
				SWIFT_OPTIMIZATION_LEVEL = "-O";
				VALIDATE_PRODUCT = YES;
			};
			name = Release;
		};
		C34C5C63238E142800A54877 /* Debug */ = {
			isa = XCBuildConfiguration;
			baseConfigurationReference = 932323EE860691FC0C08AEDA /* Pods-ManageStaff.debug.xcconfig */;
			buildSettings = {
				ASSETCATALOG_COMPILER_APPICON_NAME = AppIcon;
				CODE_SIGN_STYLE = Automatic;
				DEVELOPMENT_TEAM = JRV6WJL473;
				FRAMEWORK_SEARCH_PATHS = (
					"$(inherited)",
					"$(PROJECT_DIR)",
				);
				INFOPLIST_FILE = ManageStaff/Info.plist;
				LD_RUNPATH_SEARCH_PATHS = (
					"$(inherited)",
					"@executable_path/Frameworks",
				);
				PRODUCT_BUNDLE_IDENTIFIER = abc.ManageStaff;
				PRODUCT_NAME = "$(TARGET_NAME)";
				SWIFT_OBJC_BRIDGING_HEADER = "/Users/administrator/Documents/File XCode/BT/CK/ManageStaff/ManageStaff/NGrid.framework/Headers/NGrid.h";
				SWIFT_VERSION = 5.0;
				TARGETED_DEVICE_FAMILY = "1,2";
			};
			name = Debug;
		};
		C34C5C64238E142800A54877 /* Release */ = {
			isa = XCBuildConfiguration;
			baseConfigurationReference = F456E9CA01BE0B1715B76068 /* Pods-ManageStaff.release.xcconfig */;
			buildSettings = {
				ASSETCATALOG_COMPILER_APPICON_NAME = AppIcon;
				CODE_SIGN_STYLE = Automatic;
				DEVELOPMENT_TEAM = JRV6WJL473;
				FRAMEWORK_SEARCH_PATHS = (
					"$(inherited)",
					"$(PROJECT_DIR)",
				);
				INFOPLIST_FILE = ManageStaff/Info.plist;
				LD_RUNPATH_SEARCH_PATHS = (
					"$(inherited)",
					"@executable_path/Frameworks",
				);
				PRODUCT_BUNDLE_IDENTIFIER = abc.ManageStaff;
				PRODUCT_NAME = "$(TARGET_NAME)";
				SWIFT_OBJC_BRIDGING_HEADER = "/Users/administrator/Documents/File XCode/BT/CK/ManageStaff/ManageStaff/NGrid.framework/Headers/NGrid.h";
				SWIFT_VERSION = 5.0;
				TARGETED_DEVICE_FAMILY = "1,2";
			};
			name = Release;
		};
		C34C5C66238E142800A54877 /* Debug */ = {
			isa = XCBuildConfiguration;
			baseConfigurationReference = FF170F78B3ECE49BE7862E6A /* Pods-ManageStaffTests.debug.xcconfig */;
			buildSettings = {
				ALWAYS_EMBED_SWIFT_STANDARD_LIBRARIES = YES;
				BUNDLE_LOADER = "$(TEST_HOST)";
				CODE_SIGN_STYLE = Automatic;
				INFOPLIST_FILE = ManageStaffTests/Info.plist;
				LD_RUNPATH_SEARCH_PATHS = (
					"$(inherited)",
					"@executable_path/Frameworks",
					"@loader_path/Frameworks",
				);
				PRODUCT_BUNDLE_IDENTIFIER = abc.ManageStaffTests;
				PRODUCT_NAME = "$(TARGET_NAME)";
				SWIFT_VERSION = 5.0;
				TARGETED_DEVICE_FAMILY = "1,2";
				TEST_HOST = "$(BUILT_PRODUCTS_DIR)/ManageStaff.app/ManageStaff";
			};
			name = Debug;
		};
		C34C5C67238E142800A54877 /* Release */ = {
			isa = XCBuildConfiguration;
			baseConfigurationReference = 5E14D72B0D47DADB85A0716E /* Pods-ManageStaffTests.release.xcconfig */;
			buildSettings = {
				ALWAYS_EMBED_SWIFT_STANDARD_LIBRARIES = YES;
				BUNDLE_LOADER = "$(TEST_HOST)";
				CODE_SIGN_STYLE = Automatic;
				INFOPLIST_FILE = ManageStaffTests/Info.plist;
				LD_RUNPATH_SEARCH_PATHS = (
					"$(inherited)",
					"@executable_path/Frameworks",
					"@loader_path/Frameworks",
				);
				PRODUCT_BUNDLE_IDENTIFIER = abc.ManageStaffTests;
				PRODUCT_NAME = "$(TARGET_NAME)";
				SWIFT_VERSION = 5.0;
				TARGETED_DEVICE_FAMILY = "1,2";
				TEST_HOST = "$(BUILT_PRODUCTS_DIR)/ManageStaff.app/ManageStaff";
			};
			name = Release;
		};
		C34C5C69238E142800A54877 /* Debug */ = {
			isa = XCBuildConfiguration;
			baseConfigurationReference = 23A4050392581C76FC18C5CA /* Pods-ManageStaff-ManageStaffUITests.debug.xcconfig */;
			buildSettings = {
				ALWAYS_EMBED_SWIFT_STANDARD_LIBRARIES = YES;
				CODE_SIGN_STYLE = Automatic;
				INFOPLIST_FILE = ManageStaffUITests/Info.plist;
				LD_RUNPATH_SEARCH_PATHS = (
					"$(inherited)",
					"@executable_path/Frameworks",
					"@loader_path/Frameworks",
				);
				PRODUCT_BUNDLE_IDENTIFIER = abc.ManageStaffUITests;
				PRODUCT_NAME = "$(TARGET_NAME)";
				SWIFT_VERSION = 5.0;
				TARGETED_DEVICE_FAMILY = "1,2";
				TEST_TARGET_NAME = ManageStaff;
			};
			name = Debug;
		};
		C34C5C6A238E142800A54877 /* Release */ = {
			isa = XCBuildConfiguration;
			baseConfigurationReference = 30CBEF4EE167ABBC7ADE3830 /* Pods-ManageStaff-ManageStaffUITests.release.xcconfig */;
			buildSettings = {
				ALWAYS_EMBED_SWIFT_STANDARD_LIBRARIES = YES;
				CODE_SIGN_STYLE = Automatic;
				INFOPLIST_FILE = ManageStaffUITests/Info.plist;
				LD_RUNPATH_SEARCH_PATHS = (
					"$(inherited)",
					"@executable_path/Frameworks",
					"@loader_path/Frameworks",
				);
				PRODUCT_BUNDLE_IDENTIFIER = abc.ManageStaffUITests;
				PRODUCT_NAME = "$(TARGET_NAME)";
				SWIFT_VERSION = 5.0;
				TARGETED_DEVICE_FAMILY = "1,2";
				TEST_TARGET_NAME = ManageStaff;
			};
			name = Release;
		};
/* End XCBuildConfiguration section */

/* Begin XCConfigurationList section */
		C34C5C32238E142600A54877 /* Build configuration list for PBXProject "ManageStaff" */ = {
			isa = XCConfigurationList;
			buildConfigurations = (
				C34C5C60238E142800A54877 /* Debug */,
				C34C5C61238E142800A54877 /* Release */,
			);
			defaultConfigurationIsVisible = 0;
			defaultConfigurationName = Release;
		};
		C34C5C62238E142800A54877 /* Build configuration list for PBXNativeTarget "ManageStaff" */ = {
			isa = XCConfigurationList;
			buildConfigurations = (
				C34C5C63238E142800A54877 /* Debug */,
				C34C5C64238E142800A54877 /* Release */,
			);
			defaultConfigurationIsVisible = 0;
			defaultConfigurationName = Release;
		};
		C34C5C65238E142800A54877 /* Build configuration list for PBXNativeTarget "ManageStaffTests" */ = {
			isa = XCConfigurationList;
			buildConfigurations = (
				C34C5C66238E142800A54877 /* Debug */,
				C34C5C67238E142800A54877 /* Release */,
			);
			defaultConfigurationIsVisible = 0;
			defaultConfigurationName = Release;
		};
		C34C5C68238E142800A54877 /* Build configuration list for PBXNativeTarget "ManageStaffUITests" */ = {
			isa = XCConfigurationList;
			buildConfigurations = (
				C34C5C69238E142800A54877 /* Debug */,
				C34C5C6A238E142800A54877 /* Release */,
			);
			defaultConfigurationIsVisible = 0;
			defaultConfigurationName = Release;
		};
/* End XCConfigurationList section */

/* Begin XCVersionGroup section */
		C34C5C41238E142600A54877 /* ManageStaff.xcdatamodeld */ = {
			isa = XCVersionGroup;
			children = (
				C34C5C42238E142600A54877 /* ManageStaff.xcdatamodel */,
			);
			currentVersion = C34C5C42238E142600A54877 /* ManageStaff.xcdatamodel */;
			path = ManageStaff.xcdatamodeld;
			sourceTree = "<group>";
			versionGroupType = wrapper.xcdatamodel;
		};
/* End XCVersionGroup section */
	};
	rootObject = C34C5C2F238E142600A54877 /* Project object */;
}
